
Microsoft Visual Studio Solution File, Format Version 12.00
# Visual Studio Version 16
VisualStudioVersion = 16.0.31313.79
MinimumVisualStudioVersion = 10.0.40219.1
Project("{FAE04EC0-301F-11D3-BF4B-00C04F79EFBC}") = "BudMath", "BudMath.csproj", "{293EA711-49AB-40E8-A977-7E01EFDBB582}"
EndProject
Project("{FAE04EC0-301F-11D3-BF4B-00C04F79EFBC}") = "Core", "..\Core\Core.csproj", "{FA454757-98E9-4B78-BE04-E414893F7A9F}"
EndProject
Project("{FAE04EC0-301F-11D3-BF4B-00C04F79EFBC}") = "Domain", "..\Domain\Domain.csproj", "{4D4B293B-0BDB-4B46-AE05-7B27BDD61151}"
EndProject
Project("{FAE04EC0-301F-11D3-BF4B-00C04F79EFBC}") = "Repository", "..\Repository\Repository.csproj", "{8D26B1D1-8291-4AA0-B324-69E2F843659C}"
EndProject
Project("{FAE04EC0-301F-11D3-BF4B-00C04F79EFBC}") = "Service", "..\Service\Service.csproj", "{AA2D7251-D222-42DC-A4E8-C502E708ADD7}"
EndProject
Global
	GlobalSection(SolutionConfigurationPlatforms) = preSolution
		Debug|Any CPU = Debug|Any CPU
		Release|Any CPU = Release|Any CPU
	EndGlobalSection
	GlobalSection(ProjectConfigurationPlatforms) = postSolution
		{293EA711-49AB-40E8-A977-7E01EFDBB582}.Debug|Any CPU.ActiveCfg = Debug|Any CPU
		{293EA711-49AB-40E8-A977-7E01EFDBB582}.Debug|Any CPU.Build.0 = Debug|Any CPU
		{293EA711-49AB-40E8-A977-7E01EFDBB582}.Release|Any CPU.ActiveCfg = Release|Any CPU
		{293EA711-49AB-40E8-A977-7E01EFDBB582}.Release|Any CPU.Build.0 = Release|Any CPU
		{FA454757-98E9-4B78-BE04-E414893F7A9F}.Debug|Any CPU.ActiveCfg = Debug|Any CPU
		{FA454757-98E9-4B78-BE04-E414893F7A9F}.Debug|Any CPU.Build.0 = Debug|Any CPU
		{FA454757-98E9-4B78-BE04-E414893F7A9F}.Release|Any CPU.ActiveCfg = Release|Any CPU
		{FA454757-98E9-4B78-BE04-E414893F7A9F}.Release|Any CPU.Build.0 = Release|Any CPU
		{4D4B293B-0BDB-4B46-AE05-7B27BDD61151}.Debug|Any CPU.ActiveCfg = Debug|Any CPU
		{4D4B293B-0BDB-4B46-AE05-7B27BDD61151}.Debug|Any CPU.Build.0 = Debug|Any CPU
		{4D4B293B-0BDB-4B46-AE05-7B27BDD61151}.Release|Any CPU.ActiveCfg = Release|Any CPU
		{4D4B293B-0BDB-4B46-AE05-7B27BDD61151}.Release|Any CPU.Build.0 = Release|Any CPU
		{8D26B1D1-8291-4AA0-B324-69E2F843659C}.Debug|Any CPU.ActiveCfg = Debug|Any CPU
		{8D26B1D1-8291-4AA0-B324-69E2F843659C}.Debug|Any CPU.Build.0 = Debug|Any CPU
		{8D26B1D1-8291-4AA0-B324-69E2F843659C}.Release|Any CPU.ActiveCfg = Release|Any CPU
		{8D26B1D1-8291-4AA0-B324-69E2F843659C}.Release|Any CPU.Build.0 = Release|Any CPU
		{AA2D7251-D222-42DC-A4E8-C502E708ADD7}.Debug|Any CPU.ActiveCfg = Debug|Any CPU
		{AA2D7251-D222-42DC-A4E8-C502E708ADD7}.Debug|Any CPU.Build.0 = Debug|Any CPU
		{AA2D7251-D222-42DC-A4E8-C502E708ADD7}.Release|Any CPU.ActiveCfg = Release|Any CPU
		{AA2D7251-D222-42DC-A4E8-C502E708ADD7}.Release|Any CPU.Build.0 = Release|Any CPU
	EndGlobalSection
	GlobalSection(SolutionProperties) = preSolution
		HideSolutionNode = FALSE
	EndGlobalSection
	GlobalSection(ExtensibilityGlobals) = postSolution
		SolutionGuid = {CE541AAF-C013-4CAE-B975-667A3713892E}
	EndGlobalSection
EndGlobal
